
Microsoft Visual Studio Solution File, Format Version 12.00
# Visual Studio Version 17
VisualStudioVersion = 17.0.31702.95
MinimumVisualStudioVersion = 10.0.40219.1
Project("{FAE04EC0-301F-11D3-BF4B-00C04F79EFBC}") = "WebApplication1", "WebApplication1\WebApplication1.csproj", "{D14E8D15-DA74-4EC6-898C-C3ADA8838663}"
EndProject
Global
	GlobalSection(SolutionConfigurationPlatforms) = preSolution
		Debug|Any CPU = Debug|Any CPU
		Release|Any CPU = Release|Any CPU
	EndGlobalSection
	GlobalSection(ProjectConfigurationPlatforms) = postSolution
		{D14E8D15-DA74-4EC6-898C-C3ADA8838663}.Debug|Any CPU.ActiveCfg = Debug|Any CPU
		{D14E8D15-DA74-4EC6-898C-C3ADA8838663}.Debug|Any CPU.Build.0 = Debug|Any CPU
		{D14E8D15-DA74-4EC6-898C-C3ADA8838663}.Release|Any CPU.ActiveCfg = Release|Any CPU
		{D14E8D15-DA74-4EC6-898C-C3ADA8838663}.Release|Any CPU.Build.0 = Release|Any CPU
	EndGlobalSection
	GlobalSection(SolutionProperties) = preSolution
		HideSolutionNode = FALSE
	EndGlobalSection
	GlobalSection(ExtensibilityGlobals) = postSolution
		SolutionGuid = {18973712-E826-4F51-A8E6-0C3857C839FF}
	EndGlobalSection
EndGlobal
